name: Virtual TimeClock
website_url: https://www.redcort.com/timeclock
description: Powerful, easy-to-use time tracking software.
licenses:
  - ⊘ Proprietary
platforms:
  - Unknown
tags:
  - Time Tracking
source_code_url: https://www.redcort.com/timeclock
demo_url: https://www.redcort.com/timeclock/free-timeclock-software-trial
